// !$*UTF8*$!
{
	archiveVersion = 1;
	classes = {
	};
	objectVersion = 55;
	objects = {

/* Begin PBXBuildFile section */
		36C877AB27861EC600BA161C /* AppDelegate.swift in Sources */ = {isa = PBXBuildFile; fileRef = 36C877AA27861EC600BA161C /* AppDelegate.swift */; };
		36C877AD27861EC600BA161C /* GameScene.sks in Resources */ = {isa = PBXBuildFile; fileRef = 36C877AC27861EC600BA161C /* GameScene.sks */; };
		36C877B127861EC600BA161C /* GameScene.swift in Sources */ = {isa = PBXBuildFile; fileRef = 36C877B027861EC600BA161C /* GameScene.swift */; };
		36C877B327861EC600BA161C /* GameViewController.swift in Sources */ = {isa = PBXBuildFile; fileRef = 36C877B227861EC600BA161C /* GameViewController.swift */; };
		36C877B627861EC600BA161C /* Main.storyboard in Resources */ = {isa = PBXBuildFile; fileRef = 36C877B427861EC600BA161C /* Main.storyboard */; };
		36C877B827861ECC00BA161C /* Assets.xcassets in Resources */ = {isa = PBXBuildFile; fileRef = 36C877B727861ECC00BA161C /* Assets.xcassets */; };
		36C877BB27861ECC00BA161C /* LaunchScreen.storyboard in Resources */ = {isa = PBXBuildFile; fileRef = 36C877B927861ECC00BA161C /* LaunchScreen.storyboard */; };
		36C877C327861F1000BA161C /* explosion.sks in Resources */ = {isa = PBXBuildFile; fileRef = 36C877C127861F1000BA161C /* explosion.sks */; };
		36C877C427861F1000BA161C /* starfield.sks in Resources */ = {isa = PBXBuildFile; fileRef = 36C877C227861F1000BA161C /* starfield.sks */; };
		36C877C62787718F00BA161C /* dismiss.sks in Resources */ = {isa = PBXBuildFile; fileRef = 36C877C52787718F00BA161C /* dismiss.sks */; };
		36C877CB27877AC300BA161C /* scr003.png in Resources */ = {isa = PBXBuildFile; fileRef = 36C877C827877AC200BA161C /* scr003.png */; };
		36C877CC27877AC300BA161C /* scr001.png in Resources */ = {isa = PBXBuildFile; fileRef = 36C877C927877AC200BA161C /* scr001.png */; };
		36C877CD27877AC300BA161C /* scr002.png in Resources */ = {isa = PBXBuildFile; fileRef = 36C877CA27877AC200BA161C /* scr002.png */; };
/* End PBXBuildFile section */

/* Begin PBXFileReference section */
		36C877A727861EC600BA161C /* Space Race.app */ = {isa = PBXFileReference; explicitFileType = wrapper.application; includeInIndex = 0; path = "Space Race.app"; sourceTree = BUILT_PRODUCTS_DIR; };
		36C877AA27861EC600BA161C /* AppDelegate.swift */ = {isa = PBXFileReference; lastKnownFileType = sourcecode.swift; path = AppDelegate.swift; sourceTree = "<group>"; };
		36C877AC27861EC600BA161C /* GameScene.sks */ = {isa = PBXFileReference; lastKnownFileType = file.sks; path = GameScene.sks; sourceTree = "<group>"; };
		36C877B027861EC600BA161C /* GameScene.swift */ = {isa = PBXFileReference; lastKnownFileType = sourcecode.swift; path = GameScene.swift; sourceTree = "<group>"; };
		36C877B227861EC600BA161C /* GameViewController.swift */ = {isa = PBXFileReference; lastKnownFileType = sourcecode.swift; path = GameViewController.swift; sourceTree = "<group>"; };
		36C877B527861EC600BA161C /* Base */ = {isa = PBXFileReference; lastKnownFileType = file.storyboard; name = Base; path = Base.lproj/Main.storyboard; sourceTree = "<group>"; };
		36C877B727861ECC00BA161C /* Assets.xcassets */ = {isa = PBXFileReference; lastKnownFileType = folder.assetcatalog; path = Assets.xcassets; sourceTree = "<group>"; };
		36C877BA27861ECC00BA161C /* Base */ = {isa = PBXFileReference; lastKnownFileType = file.storyboard; name = Base; path = Base.lproj/LaunchScreen.storyboard; sourceTree = "<group>"; };
		36C877C127861F1000BA161C /* explosion.sks */ = {isa = PBXFileReference; lastKnownFileType = file.sks; path = explosion.sks; sourceTree = "<group>"; };
		36C877C227861F1000BA161C /* starfield.sks */ = {isa = PBXFileReference; lastKnownFileType = file.sks; path = starfield.sks; sourceTree = "<group>"; };
		36C877C52787718F00BA161C /* dismiss.sks */ = {isa = PBXFileReference; lastKnownFileType = file.sks; path = dismiss.sks; sourceTree = "<group>"; };
		36C877C827877AC200BA161C /* scr003.png */ = {isa = PBXFileReference; lastKnownFileType = image.png; path = scr003.png; sourceTree = "<group>"; };
		36C877C927877AC200BA161C /* scr001.png */ = {isa = PBXFileReference; lastKnownFileType = image.png; path = scr001.png; sourceTree = "<group>"; };
		36C877CA27877AC200BA161C /* scr002.png */ = {isa = PBXFileReference; lastKnownFileType = image.png; path = scr002.png; sourceTree = "<group>"; };
/* End PBXFileReference section */

/* Begin PBXFrameworksBuildPhase section */
		36C877A427861EC600BA161C /* Frameworks */ = {
			isa = PBXFrameworksBuildPhase;
			buildActionMask = 2147483647;
			files = (
			);
			runOnlyForDeploymentPostprocessing = 0;
		};
/* End PBXFrameworksBuildPhase section */

/* Begin PBXGroup section */
		36C8779E27861EC600BA161C = {
			isa = PBXGroup;
			children = (
				36C877C72787748000BA161C /* Screenshots */,
				36C877A927861EC600BA161C /* Space Race */,
				36C877A827861EC600BA161C /* Products */,
			);
			sourceTree = "<group>";
		};
		36C877A827861EC600BA161C /* Products */ = {
			isa = PBXGroup;
			children = (
				36C877A727861EC600BA161C /* Space Race.app */,
			);
			name = Products;
			sourceTree = "<group>";
		};
		36C877A927861EC600BA161C /* Space Race */ = {
			isa = PBXGroup;
			children = (
				36C877AA27861EC600BA161C /* AppDelegate.swift */,
				36C877AC27861EC600BA161C /* GameScene.sks */,
				36C877B027861EC600BA161C /* GameScene.swift */,
				36C877B227861EC600BA161C /* GameViewController.swift */,
				36C877B427861EC600BA161C /* Main.storyboard */,
				36C877B727861ECC00BA161C /* Assets.xcassets */,
				36C877B927861ECC00BA161C /* LaunchScreen.storyboard */,
				36C877C127861F1000BA161C /* explosion.sks */,
				36C877C227861F1000BA161C /* starfield.sks */,
				36C877C52787718F00BA161C /* dismiss.sks */,
			);
			path = "Space Race";
			sourceTree = "<group>";
		};
		36C877C72787748000BA161C /* Screenshots */ = {
			isa = PBXGroup;
			children = (
				36C877C927877AC200BA161C /* scr001.png */,
				36C877CA27877AC200BA161C /* scr002.png */,
				36C877C827877AC200BA161C /* scr003.png */,
			);
			path = Screenshots;
			sourceTree = "<group>";
		};
/* End PBXGroup section */

/* Begin PBXNativeTarget section */
		36C877A627861EC600BA161C /* Space Race */ = {
			isa = PBXNativeTarget;
			buildConfigurationList = 36C877BE27861ECC00BA161C /* Build configuration list for PBXNativeTarget "Space Race" */;
			buildPhases = (
				36C877A327861EC600BA161C /* Sources */,
				36C877A427861EC600BA161C /* Frameworks */,
				36C877A527861EC600BA161C /* Resources */,
			);
			buildRules = (
			);
			dependencies = (
			);
			name = "Space Race";
			productName = "Space Race";
			productReference = 36C877A727861EC600BA161C /* Space Race.app */;
			productType = "com.apple.product-type.application";
		};
/* End PBXNativeTarget section */

/* Begin PBXProject section */
		36C8779F27861EC600BA161C /* Project object */ = {
			isa = PBXProject;
			attributes = {
				BuildIndependentTargetsInParallel = 1;
				LastSwiftUpdateCheck = 1310;
				LastUpgradeCheck = 1310;
				TargetAttributes = {
					36C877A627861EC600BA161C = {
						CreatedOnToolsVersion = 13.1;
					};
				};
			};
			buildConfigurationList = 36C877A227861EC600BA161C /* Build configuration list for PBXProject "Space Race" */;
			compatibilityVersion = "Xcode 13.0";
			developmentRegion = en;
			hasScannedForEncodings = 0;
			knownRegions = (
				en,
				Base,
			);
			mainGroup = 36C8779E27861EC600BA161C;
			productRefGroup = 36C877A827861EC600BA161C /* Products */;
			projectDirPath = "";
			projectRoot = "";
			targets = (
				36C877A627861EC600BA161C /* Space Race */,
			);
		};
/* End PBXProject section */

/* Begin PBXResourcesBuildPhase section */
		36C877A527861EC600BA161C /* Resources */ = {
			isa = PBXResourcesBuildPhase;
			buildActionMask = 2147483647;
			files = (
				36C877CC27877AC300BA161C /* scr001.png in Resources */,
				36C877CD27877AC300BA161C /* scr002.png in Resources */,
				36C877CB27877AC300BA161C /* scr003.png in Resources */,
				36C877B627861EC600BA161C /* Main.storyboard in Resources */,
				36C877C62787718F00BA161C /* dismiss.sks in Resources */,
				36C877AD27861EC600BA161C /* GameScene.sks in Resources */,
				36C877B827861ECC00BA161C /* Assets.xcassets in Resources */,
				36C877C327861F1000BA161C /* explosion.sks in Resources */,
				36C877BB27861ECC00BA161C /* LaunchScreen.storyboard in Resources */,
				36C877C427861F1000BA161C /* starfield.sks in Resources */,
			);
			runOnlyForDeploymentPostprocessing = 0;
		};
/* End PBXResourcesBuildPhase section */

/* Begin PBXSourcesBuildPhase section */
		36C877A327861EC600BA161C /* Sources */ = {
			isa = PBXSourcesBuildPhase;
			buildActionMask = 2147483647;
			files = (
				36C877B127861EC600BA161C /* GameScene.swift in Sources */,
				36C877B327861EC600BA161C /* GameViewController.swift in Sources */,
				36C877AB27861EC600BA161C /* AppDelegate.swift in Sources */,
			);
			runOnlyForDeploymentPostprocessing = 0;
		};
/* End PBXSourcesBuildPhase section */

/* Begin PBXVariantGroup section */
		36C877B427861EC600BA161C /* Main.storyboard */ = {
			isa = PBXVariantGroup;
			children = (
				36C877B527861EC600BA161C /* Base */,
			);
			name = Main.storyboard;
			sourceTree = "<group>";
		};
		36C877B927861ECC00BA161C /* LaunchScreen.storyboard */ = {
			isa = PBXVariantGroup;
			children = (
				36C877BA27861ECC00BA161C /* Base */,
			);
			name = LaunchScreen.storyboard;
			sourceTree = "<group>";
		};
/* End PBXVariantGroup section */

/* Begin XCBuildConfiguration section */
		36C877BC27861ECC00BA161C /* Debug */ = {
			isa = XCBuildConfiguration;
			buildSettings = {
				ALWAYS_SEARCH_USER_PATHS = NO;
				CLANG_ANALYZER_NONNULL = YES;
				CLANG_ANALYZER_NUMBER_OBJECT_CONVERSION = YES_AGGRESSIVE;
				CLANG_CXX_LANGUAGE_STANDARD = "gnu++17";
				CLANG_CXX_LIBRARY = "libc++";
				CLANG_ENABLE_MODULES = YES;
				CLANG_ENABLE_OBJC_ARC = YES;
				CLANG_ENABLE_OBJC_WEAK = YES;
				CLANG_WARN_BLOCK_CAPTURE_AUTORELEASING = YES;
				CLANG_WARN_BOOL_CONVERSION = YES;
				CLANG_WARN_COMMA = YES;
				CLANG_WARN_CONSTANT_CONVERSION = YES;
				CLANG_WARN_DEPRECATED_OBJC_IMPLEMENTATIONS = YES;
				CLANG_WARN_DIRECT_OBJC_ISA_USAGE = YES_ERROR;
				CLANG_WARN_DOCUMENTATION_COMMENTS = YES;
				CLANG_WARN_EMPTY_BODY = YES;
				CLANG_WARN_ENUM_CONVERSION = YES;
				CLANG_WARN_INFINITE_RECURSION = YES;
				CLANG_WARN_INT_CONVERSION = YES;
				CLANG_WARN_NON_LITERAL_NULL_CONVERSION = YES;
				CLANG_WARN_OBJC_IMPLICIT_RETAIN_SELF = YES;
				CLANG_WARN_OBJC_LITERAL_CONVERSION = YES;
				CLANG_WARN_OBJC_ROOT_CLASS = YES_ERROR;
				CLANG_WARN_QUOTED_INCLUDE_IN_FRAMEWORK_HEADER = YES;
				CLANG_WARN_RANGE_LOOP_ANALYSIS = YES;
				CLANG_WARN_STRICT_PROTOTYPES = YES;
				CLANG_WARN_SUSPICIOUS_MOVE = YES;
				CLANG_WARN_UNGUARDED_AVAILABILITY = YES_AGGRESSIVE;
				CLANG_WARN_UNREACHABLE_CODE = YES;
				CLANG_WARN__DUPLICATE_METHOD_MATCH = YES;
				COPY_PHASE_STRIP = NO;
				DEBUG_INFORMATION_FORMAT = dwarf;
				ENABLE_STRICT_OBJC_MSGSEND = YES;
				ENABLE_TESTABILITY = YES;
				GCC_C_LANGUAGE_STANDARD = gnu11;
				GCC_DYNAMIC_NO_PIC = NO;
				GCC_NO_COMMON_BLOCKS = YES;
				GCC_OPTIMIZATION_LEVEL = 0;
				GCC_PREPROCESSOR_DEFINITIONS = (
					"DEBUG=1",
					"$(inherited)",
				);
				GCC_WARN_64_TO_32_BIT_CONVERSION = YES;
				GCC_WARN_ABOUT_RETURN_TYPE = YES_ERROR;
				GCC_WARN_UNDECLARED_SELECTOR = YES;
				GCC_WARN_UNINITIALIZED_AUTOS = YES_AGGRESSIVE;
				GCC_WARN_UNUSED_FUNCTION = YES;
				GCC_WARN_UNUSED_VARIABLE = YES;
				IPHONEOS_DEPLOYMENT_TARGET = 15.0;
				MTL_ENABLE_DEBUG_INFO = INCLUDE_SOURCE;
				MTL_FAST_MATH = YES;
				ONLY_ACTIVE_ARCH = YES;
				SDKROOT = iphoneos;
				SWIFT_ACTIVE_COMPILATION_CONDITIONS = DEBUG;
				SWIFT_OPTIMIZATION_LEVEL = "-Onone";
			};
			name = Debug;
		};
		36C877BD27861ECC00BA161C /* Release */ = {
			isa = XCBuildConfiguration;
			buildSettings = {
				ALWAYS_SEARCH_USER_PATHS = NO;
				CLANG_ANALYZER_NONNULL = YES;
				CLANG_ANALYZER_NUMBER_OBJECT_CONVERSION = YES_AGGRESSIVE;
				CLANG_CXX_LANGUAGE_STANDARD = "gnu++17";
				CLANG_CXX_LIBRARY = "libc++";
				CLANG_ENABLE_MODULES = YES;
				CLANG_ENABLE_OBJC_ARC = YES;
				CLANG_ENABLE_OBJC_WEAK = YES;
				CLANG_WARN_BLOCK_CAPTURE_AUTORELEASING = YES;
				CLANG_WARN_BOOL_CONVERSION = YES;
				CLANG_WARN_COMMA = YES;
				CLANG_WARN_CONSTANT_CONVERSION = YES;
				CLANG_WARN_DEPRECATED_OBJC_IMPLEMENTATIONS = YES;
				CLANG_WARN_DIRECT_OBJC_ISA_USAGE = YES_ERROR;
				CLANG_WARN_DOCUMENTATION_COMMENTS = YES;
				CLANG_WARN_EMPTY_BODY = YES;
				CLANG_WARN_ENUM_CONVERSION = YES;
				CLANG_WARN_INFINITE_RECURSION = YES;
				CLANG_WARN_INT_CONVERSION = YES;
				CLANG_WARN_NON_LITERAL_NULL_CONVERSION = YES;
				CLANG_WARN_OBJC_IMPLICIT_RETAIN_SELF = YES;
				CLANG_WARN_OBJC_LITERAL_CONVERSION = YES;
				CLANG_WARN_OBJC_ROOT_CLASS = YES_ERROR;
				CLANG_WARN_QUOTED_INCLUDE_IN_FRAMEWORK_HEADER = YES;
				CLANG_WARN_RANGE_LOOP_ANALYSIS = YES;
				CLANG_WARN_STRICT_PROTOTYPES = YES;
				CLANG_WARN_SUSPICIOUS_MOVE = YES;
				CLANG_WARN_UNGUARDED_AVAILABILITY = YES_AGGRESSIVE;
				CLANG_WARN_UNREACHABLE_CODE = YES;
				CLANG_WARN__DUPLICATE_METHOD_MATCH = YES;
				COPY_PHASE_STRIP = NO;
				DEBUG_INFORMATION_FORMAT = "dwarf-with-dsym";
				ENABLE_NS_ASSERTIONS = NO;
				ENABLE_STRICT_OBJC_MSGSEND = YES;
				GCC_C_LANGUAGE_STANDARD = gnu11;
				GCC_NO_COMMON_BLOCKS = YES;
				GCC_WARN_64_TO_32_BIT_CONVERSION = YES;
				GCC_WARN_ABOUT_RETURN_TYPE = YES_ERROR;
				GCC_WARN_UNDECLARED_SELECTOR = YES;
				GCC_WARN_UNINITIALIZED_AUTOS = YES_AGGRESSIVE;
				GCC_WARN_UNUSED_FUNCTION = YES;
				GCC_WARN_UNUSED_VARIABLE = YES;
				IPHONEOS_DEPLOYMENT_TARGET = 15.0;
				MTL_ENABLE_DEBUG_INFO = NO;
				MTL_FAST_MATH = YES;
				SDKROOT = iphoneos;
				SWIFT_COMPILATION_MODE = wholemodule;
				SWIFT_OPTIMIZATION_LEVEL = "-O";
				VALIDATE_PRODUCT = YES;
			};
			name = Release;
		};
		36C877BF27861ECC00BA161C /* Debug */ = {
			isa = XCBuildConfiguration;
			buildSettings = {
				ASSETCATALOG_COMPILER_APPICON_NAME = AppIcon;
				ASSETCATALOG_COMPILER_GLOBAL_ACCENT_COLOR_NAME = AccentColor;
				CODE_SIGN_STYLE = Automatic;
				CURRENT_PROJECT_VERSION = 1;
				DEVELOPMENT_TEAM = CJ7JF497NG;
				GENERATE_INFOPLIST_FILE = YES;
				INFOPLIST_KEY_UIApplicationSupportsIndirectInputEvents = YES;
				INFOPLIST_KEY_UILaunchStoryboardName = LaunchScreen;
				INFOPLIST_KEY_UIMainStoryboardFile = Main;
				INFOPLIST_KEY_UIStatusBarHidden = YES;
				INFOPLIST_KEY_UISupportedInterfaceOrientations_iPad = "UIInterfaceOrientationLandscapeLeft UIInterfaceOrientationLandscapeRight";
				INFOPLIST_KEY_UISupportedInterfaceOrientations_iPhone = "UIInterfaceOrientationPortrait UIInterfaceOrientationLandscapeLeft UIInterfaceOrientationLandscapeRight";
				LD_RUNPATH_SEARCH_PATHS = (
					"$(inherited)",
					"@executable_path/Frameworks",
				);
				MARKETING_VERSION = 1.0;
				PRODUCT_BUNDLE_IDENTIFIER = "com.example.Space-Race";
				PRODUCT_NAME = "$(TARGET_NAME)";
				SWIFT_EMIT_LOC_STRINGS = YES;
				SWIFT_VERSION = 5.0;
				TARGETED_DEVICE_FAMILY = 2;
			};
			name = Debug;
		};
		36C877C027861ECC00BA161C /* Release */ = {
			isa = XCBuildConfiguration;
			buildSettings = {
				ASSETCATALOG_COMPILER_APPICON_NAME = AppIcon;
				ASSETCATALOG_COMPILER_GLOBAL_ACCENT_COLOR_NAME = AccentColor;
				CODE_SIGN_STYLE = Automatic;
				CURRENT_PROJECT_VERSION = 1;
				DEVELOPMENT_TEAM = CJ7JF497NG;
				GENERATE_INFOPLIST_FILE = YES;
				INFOPLIST_KEY_UIApplicationSupportsIndirectInputEvents = YES;
				INFOPLIST_KEY_UILaunchStoryboardName = LaunchScreen;
				INFOPLIST_KEY_UIMainStoryboardFile = Main;
				INFOPLIST_KEY_UIStatusBarHidden = YES;
				INFOPLIST_KEY_UISupportedInterfaceOrientations_iPad = "UIInterfaceOrientationLandscapeLeft UIInterfaceOrientationLandscapeRight";
				INFOPLIST_KEY_UISupportedInterfaceOrientations_iPhone = "UIInterfaceOrientationPortrait UIInterfaceOrientationLandscapeLeft UIInterfaceOrientationLandscapeRight";
				LD_RUNPATH_SEARCH_PATHS = (
					"$(inherited)",
					"@executable_path/Frameworks",
				);
				MARKETING_VERSION = 1.0;
				PRODUCT_BUNDLE_IDENTIFIER = "com.example.Space-Race";
				PRODUCT_NAME = "$(TARGET_NAME)";
				SWIFT_EMIT_LOC_STRINGS = YES;
				SWIFT_VERSION = 5.0;
				TARGETED_DEVICE_FAMILY = 2;
			};
			name = Release;
		};
/* End XCBuildConfiguration section */

/* Begin XCConfigurationList section */
		36C877A227861EC600BA161C /* Build configuration list for PBXProject "Space Race" */ = {
			isa = XCConfigurationList;
			buildConfigurations = (
				36C877BC27861ECC00BA161C /* Debug */,
				36C877BD27861ECC00BA161C /* Release */,
			);
			defaultConfigurationIsVisible = 0;
			defaultConfigurationName = Release;
		};
		36C877BE27861ECC00BA161C /* Build configuration list for PBXNativeTarget "Space Race" */ = {
			isa = XCConfigurationList;
			buildConfigurations = (
				36C877BF27861ECC00BA161C /* Debug */,
				36C877C027861ECC00BA161C /* Release */,
			);
			defaultConfigurationIsVisible = 0;
			defaultConfigurationName = Release;
		};
/* End XCConfigurationList section */
	};
	rootObject = 36C8779F27861EC600BA161C /* Project object */;
}
